# This file is autogenerated, do not edit; changes may be undone by the next 'dep ensure'.


[[projects]]
  name = "github.com/go-redis/redis"
  packages = [".","internal","internal/consistenthash","internal/hashtag","internal/pool","internal/proto"]
  revision = "4021ace05686f632ff17fd824bbed229fc474cf8"
  version = "v6.8.2"

[[projects]]
  name = "github.com/google/uuid"
  packages = ["."]
  revision = "064e2069ce9c359c118179501254f67d7d37ba24"
  version = "0.2"

[solve-meta]
  analyzer-name = "dep"
  analyzer-version = 1
  inputs-digest = "798dd9031670a8601d5f80847548758a424f5f40f06202364115c35d46a3f60c"
  solver-name = "gps-cdcl"
  solver-version = 1
